
Microsoft Visual Studio Solution File, Format Version 12.00
# Visual Studio 15
VisualStudioVersion = 15.0.28307.572
MinimumVisualStudioVersion = 10.0.40219.1
Project("{FAE04EC0-301F-11D3-BF4B-00C04F79EFBC}") = "BrowserControls", "SampleBrowserAutomation\BrowserControls.csproj", "{903E87FA-5C96-4A1C-A5B5-786D42A9E626}"
EndProject
Project("{FAE04EC0-301F-11D3-BF4B-00C04F79EFBC}") = "SimpleTests", "SimpleTests\SimpleTests.csproj", "{C200B6DF-24DE-4DAF-9CBA-F18AFABAFEFF}"
EndProject
Project("{FAE04EC0-301F-11D3-BF4B-00C04F79EFBC}") = "PageObjects", "PageObjects\PageObjects.csproj", "{B61D34E0-444F-47D7-9A1A-496F25D09D2C}"
EndProject
Global
	GlobalSection(SolutionConfigurationPlatforms) = preSolution
		Debug|Any CPU = Debug|Any CPU
		Release|Any CPU = Release|Any CPU
	EndGlobalSection
	GlobalSection(ProjectConfigurationPlatforms) = postSolution
		{903E87FA-5C96-4A1C-A5B5-786D42A9E626}.Debug|Any CPU.ActiveCfg = Debug|Any CPU
		{903E87FA-5C96-4A1C-A5B5-786D42A9E626}.Debug|Any CPU.Build.0 = Debug|Any CPU
		{903E87FA-5C96-4A1C-A5B5-786D42A9E626}.Release|Any CPU.ActiveCfg = Release|Any CPU
		{903E87FA-5C96-4A1C-A5B5-786D42A9E626}.Release|Any CPU.Build.0 = Release|Any CPU
		{C200B6DF-24DE-4DAF-9CBA-F18AFABAFEFF}.Debug|Any CPU.ActiveCfg = Debug|Any CPU
		{C200B6DF-24DE-4DAF-9CBA-F18AFABAFEFF}.Debug|Any CPU.Build.0 = Debug|Any CPU
		{C200B6DF-24DE-4DAF-9CBA-F18AFABAFEFF}.Release|Any CPU.ActiveCfg = Release|Any CPU
		{C200B6DF-24DE-4DAF-9CBA-F18AFABAFEFF}.Release|Any CPU.Build.0 = Release|Any CPU
		{B61D34E0-444F-47D7-9A1A-496F25D09D2C}.Debug|Any CPU.ActiveCfg = Debug|Any CPU
		{B61D34E0-444F-47D7-9A1A-496F25D09D2C}.Debug|Any CPU.Build.0 = Debug|Any CPU
		{B61D34E0-444F-47D7-9A1A-496F25D09D2C}.Release|Any CPU.ActiveCfg = Release|Any CPU
		{B61D34E0-444F-47D7-9A1A-496F25D09D2C}.Release|Any CPU.Build.0 = Release|Any CPU
	EndGlobalSection
	GlobalSection(SolutionProperties) = preSolution
		HideSolutionNode = FALSE
	EndGlobalSection
	GlobalSection(ExtensibilityGlobals) = postSolution
		SolutionGuid = {21E287DE-FDB6-42DD-86ED-21C9E198AC68}
	EndGlobalSection
EndGlobal
